<?xml version="1.0" encoding="utf-8"?>
<Project ToolsVersion="4.0" xmlns="http://schemas.microsoft.com/developer/msbuild/2003">
  <ItemGroup>
    <Filter Include="src">
      <UniqueIdentifier>{95279f71-14f7-4105-a086-596e654d2ff6}</UniqueIdentifier>
    </Filter>
  </ItemGroup>
  <ItemGroup>
    <ClCompile Include="..\..\src\base\EntryPoint_Base.c">
      <Filter>src</Filter>
    </ClCompile>
    <ClCompile Include="..\..\src\platform\win32\MemAlloc_Win32.c">
      <Filter>src</Filter>
    </ClCompile>
    <ClCompile Include="..\..\src\platform\win32\DyLib_Win32.c">
      <Filter>src</Filter>
    </ClCompile>
    <ClCompile Include="..\..\src\platform\win32\Thread_Win32.c">
      <Filter>src</Filter>
    </ClCompile>
  </ItemGroup>
  <ItemGroup>
    <ClInclude Include="..\..\src\base\DyLib.h">
      <Filter>src</Filter>
    </ClInclude>
    <ClInclude Include="..\..\src\base\Thread.h">
      <Filter>src</Filter>
    </ClInclude>
  </ItemGroup>
</Project>